// !$*UTF8*$!
{
	archiveVersion = 1;
	classes = {
	};
	objectVersion = 77;
	objects = {

/* Begin PBXContainerItemProxy section */
		9BF0E1B52D21A42C002868A8 /* PBXContainerItemProxy */ = {
			isa = PBXContainerItemProxy;
			containerPortal = 9BF0E19C2D21A429002868A8 /* Project object */;
			proxyType = 1;
			remoteGlobalIDString = 9BF0E1A32D21A429002868A8;
			remoteInfo = "CS193p-SwiftUI-Samples";
		};
		9BF0E1BF2D21A42C002868A8 /* PBXContainerItemProxy */ = {
			isa = PBXContainerItemProxy;
			containerPortal = 9BF0E19C2D21A429002868A8 /* Project object */;
			proxyType = 1;
			remoteGlobalIDString = 9BF0E1A32D21A429002868A8;
			remoteInfo = "CS193p-SwiftUI-Samples";
		};
/* End PBXContainerItemProxy section */

/* Begin PBXFileReference section */
		9BF0E1A42D21A429002868A8 /* CS193p-SwiftUI-Samples.app */ = {isa = PBXFileReference; explicitFileType = wrapper.application; includeInIndex = 0; path = "CS193p-SwiftUI-Samples.app"; sourceTree = BUILT_PRODUCTS_DIR; };
		9BF0E1B42D21A42C002868A8 /* CS193p-SwiftUI-SamplesTests.xctest */ = {isa = PBXFileReference; explicitFileType = wrapper.cfbundle; includeInIndex = 0; path = "CS193p-SwiftUI-SamplesTests.xctest"; sourceTree = BUILT_PRODUCTS_DIR; };
		9BF0E1BE2D21A42C002868A8 /* CS193p-SwiftUI-SamplesUITests.xctest */ = {isa = PBXFileReference; explicitFileType = wrapper.cfbundle; includeInIndex = 0; path = "CS193p-SwiftUI-SamplesUITests.xctest"; sourceTree = BUILT_PRODUCTS_DIR; };
/* End PBXFileReference section */

/* Begin PBXFileSystemSynchronizedRootGroup section */
		9BF0E1A62D21A429002868A8 /* CS193p-SwiftUI-Samples */ = {
			isa = PBXFileSystemSynchronizedRootGroup;
			path = "CS193p-SwiftUI-Samples";
			sourceTree = "<group>";
		};
		9BF0E1B72D21A42C002868A8 /* CS193p-SwiftUI-SamplesTests */ = {
			isa = PBXFileSystemSynchronizedRootGroup;
			path = "CS193p-SwiftUI-SamplesTests";
			sourceTree = "<group>";
		};
		9BF0E1C12D21A42C002868A8 /* CS193p-SwiftUI-SamplesUITests */ = {
			isa = PBXFileSystemSynchronizedRootGroup;
			path = "CS193p-SwiftUI-SamplesUITests";
			sourceTree = "<group>";
		};
/* End PBXFileSystemSynchronizedRootGroup section */

/* Begin PBXFrameworksBuildPhase section */
		9BF0E1A12D21A429002868A8 /* Frameworks */ = {
			isa = PBXFrameworksBuildPhase;
			buildActionMask = 2147483647;
			files = (
			);
			runOnlyForDeploymentPostprocessing = 0;
		};
		9BF0E1B12D21A42C002868A8 /* Frameworks */ = {
			isa = PBXFrameworksBuildPhase;
			buildActionMask = 2147483647;
			files = (
			);
			runOnlyForDeploymentPostprocessing = 0;
		};
		9BF0E1BB2D21A42C002868A8 /* Frameworks */ = {
			isa = PBXFrameworksBuildPhase;
			buildActionMask = 2147483647;
			files = (
			);
			runOnlyForDeploymentPostprocessing = 0;
		};
/* End PBXFrameworksBuildPhase section */

/* Begin PBXGroup section */
		9BF0E19B2D21A429002868A8 = {
			isa = PBXGroup;
			children = (
				9BF0E1A62D21A429002868A8 /* CS193p-SwiftUI-Samples */,
				9BF0E1B72D21A42C002868A8 /* CS193p-SwiftUI-SamplesTests */,
				9BF0E1C12D21A42C002868A8 /* CS193p-SwiftUI-SamplesUITests */,
				9BF0E1A52D21A429002868A8 /* Products */,
			);
			sourceTree = "<group>";
		};
		9BF0E1A52D21A429002868A8 /* Products */ = {
			isa = PBXGroup;
			children = (
				9BF0E1A42D21A429002868A8 /* CS193p-SwiftUI-Samples.app */,
				9BF0E1B42D21A42C002868A8 /* CS193p-SwiftUI-SamplesTests.xctest */,
				9BF0E1BE2D21A42C002868A8 /* CS193p-SwiftUI-SamplesUITests.xctest */,
			);
			name = Products;
			sourceTree = "<group>";
		};
/* End PBXGroup section */

/* Begin PBXNativeTarget section */
		9BF0E1A32D21A429002868A8 /* CS193p-SwiftUI-Samples */ = {
			isa = PBXNativeTarget;
			buildConfigurationList = 9BF0E1C82D21A42C002868A8 /* Build configuration list for PBXNativeTarget "CS193p-SwiftUI-Samples" */;
			buildPhases = (
				9BF0E1A02D21A429002868A8 /* Sources */,
				9BF0E1A12D21A429002868A8 /* Frameworks */,
				9BF0E1A22D21A429002868A8 /* Resources */,
			);
			buildRules = (
			);
			dependencies = (
			);
			fileSystemSynchronizedGroups = (
				9BF0E1A62D21A429002868A8 /* CS193p-SwiftUI-Samples */,
			);
			name = "CS193p-SwiftUI-Samples";
			packageProductDependencies = (
			);
			productName = "CS193p-SwiftUI-Samples";
			productReference = 9BF0E1A42D21A429002868A8 /* CS193p-SwiftUI-Samples.app */;
			productType = "com.apple.product-type.application";
		};
		9BF0E1B32D21A42C002868A8 /* CS193p-SwiftUI-SamplesTests */ = {
			isa = PBXNativeTarget;
			buildConfigurationList = 9BF0E1CB2D21A42C002868A8 /* Build configuration list for PBXNativeTarget "CS193p-SwiftUI-SamplesTests" */;
			buildPhases = (
				9BF0E1B02D21A42C002868A8 /* Sources */,
				9BF0E1B12D21A42C002868A8 /* Frameworks */,
				9BF0E1B22D21A42C002868A8 /* Resources */,
			);
			buildRules = (
			);
			dependencies = (
				9BF0E1B62D21A42C002868A8 /* PBXTargetDependency */,
			);
			fileSystemSynchronizedGroups = (
				9BF0E1B72D21A42C002868A8 /* CS193p-SwiftUI-SamplesTests */,
			);
			name = "CS193p-SwiftUI-SamplesTests";
			packageProductDependencies = (
			);
			productName = "CS193p-SwiftUI-SamplesTests";
			productReference = 9BF0E1B42D21A42C002868A8 /* CS193p-SwiftUI-SamplesTests.xctest */;
			productType = "com.apple.product-type.bundle.unit-test";
		};
		9BF0E1BD2D21A42C002868A8 /* CS193p-SwiftUI-SamplesUITests */ = {
			isa = PBXNativeTarget;
			buildConfigurationList = 9BF0E1CE2D21A42C002868A8 /* Build configuration list for PBXNativeTarget "CS193p-SwiftUI-SamplesUITests" */;
			buildPhases = (
				9BF0E1BA2D21A42C002868A8 /* Sources */,
				9BF0E1BB2D21A42C002868A8 /* Frameworks */,
				9BF0E1BC2D21A42C002868A8 /* Resources */,
			);
			buildRules = (
			);
			dependencies = (
				9BF0E1C02D21A42C002868A8 /* PBXTargetDependency */,
			);
			fileSystemSynchronizedGroups = (
				9BF0E1C12D21A42C002868A8 /* CS193p-SwiftUI-SamplesUITests */,
			);
			name = "CS193p-SwiftUI-SamplesUITests";
			packageProductDependencies = (
			);
			productName = "CS193p-SwiftUI-SamplesUITests";
			productReference = 9BF0E1BE2D21A42C002868A8 /* CS193p-SwiftUI-SamplesUITests.xctest */;
			productType = "com.apple.product-type.bundle.ui-testing";
		};
/* End PBXNativeTarget section */

/* Begin PBXProject section */
		9BF0E19C2D21A429002868A8 /* Project object */ = {
			isa = PBXProject;
			attributes = {
				BuildIndependentTargetsInParallel = 1;
				LastSwiftUpdateCheck = 1620;
				LastUpgradeCheck = 1620;
				TargetAttributes = {
					9BF0E1A32D21A429002868A8 = {
						CreatedOnToolsVersion = 16.2;
					};
					9BF0E1B32D21A42C002868A8 = {
						CreatedOnToolsVersion = 16.2;
						TestTargetID = 9BF0E1A32D21A429002868A8;
					};
					9BF0E1BD2D21A42C002868A8 = {
						CreatedOnToolsVersion = 16.2;
						TestTargetID = 9BF0E1A32D21A429002868A8;
					};
				};
			};
			buildConfigurationList = 9BF0E19F2D21A429002868A8 /* Build configuration list for PBXProject "CS193p-SwiftUI-Samples" */;
			developmentRegion = en;
			hasScannedForEncodings = 0;
			knownRegions = (
				en,
				Base,
			);
			mainGroup = 9BF0E19B2D21A429002868A8;
			minimizedProjectReferenceProxies = 1;
			preferredProjectObjectVersion = 77;
			productRefGroup = 9BF0E1A52D21A429002868A8 /* Products */;
			projectDirPath = "";
			projectRoot = "";
			targets = (
				9BF0E1A32D21A429002868A8 /* CS193p-SwiftUI-Samples */,
				9BF0E1B32D21A42C002868A8 /* CS193p-SwiftUI-SamplesTests */,
				9BF0E1BD2D21A42C002868A8 /* CS193p-SwiftUI-SamplesUITests */,
			);
		};
/* End PBXProject section */

/* Begin PBXResourcesBuildPhase section */
		9BF0E1A22D21A429002868A8 /* Resources */ = {
			isa = PBXResourcesBuildPhase;
			buildActionMask = 2147483647;
			files = (
			);
			runOnlyForDeploymentPostprocessing = 0;
		};
		9BF0E1B22D21A42C002868A8 /* Resources */ = {
			isa = PBXResourcesBuildPhase;
			buildActionMask = 2147483647;
			files = (
			);
			runOnlyForDeploymentPostprocessing = 0;
		};
		9BF0E1BC2D21A42C002868A8 /* Resources */ = {
			isa = PBXResourcesBuildPhase;
			buildActionMask = 2147483647;
			files = (
			);
			runOnlyForDeploymentPostprocessing = 0;
		};
/* End PBXResourcesBuildPhase section */

/* Begin PBXSourcesBuildPhase section */
		9BF0E1A02D21A429002868A8 /* Sources */ = {
			isa = PBXSourcesBuildPhase;
			buildActionMask = 2147483647;
			files = (
			);
			runOnlyForDeploymentPostprocessing = 0;
		};
		9BF0E1B02D21A42C002868A8 /* Sources */ = {
			isa = PBXSourcesBuildPhase;
			buildActionMask = 2147483647;
			files = (
			);
			runOnlyForDeploymentPostprocessing = 0;
		};
		9BF0E1BA2D21A42C002868A8 /* Sources */ = {
			isa = PBXSourcesBuildPhase;
			buildActionMask = 2147483647;
			files = (
			);
			runOnlyForDeploymentPostprocessing = 0;
		};
/* End PBXSourcesBuildPhase section */

/* Begin PBXTargetDependency section */
		9BF0E1B62D21A42C002868A8 /* PBXTargetDependency */ = {
			isa = PBXTargetDependency;
			target = 9BF0E1A32D21A429002868A8 /* CS193p-SwiftUI-Samples */;
			targetProxy = 9BF0E1B52D21A42C002868A8 /* PBXContainerItemProxy */;
		};
		9BF0E1C02D21A42C002868A8 /* PBXTargetDependency */ = {
			isa = PBXTargetDependency;
			target = 9BF0E1A32D21A429002868A8 /* CS193p-SwiftUI-Samples */;
			targetProxy = 9BF0E1BF2D21A42C002868A8 /* PBXContainerItemProxy */;
		};
/* End PBXTargetDependency section */

/* Begin XCBuildConfiguration section */
		9BF0E1C62D21A42C002868A8 /* Debug */ = {
			isa = XCBuildConfiguration;
			buildSettings = {
				ALWAYS_SEARCH_USER_PATHS = NO;
				ASSETCATALOG_COMPILER_GENERATE_SWIFT_ASSET_SYMBOL_EXTENSIONS = YES;
				CLANG_ANALYZER_NONNULL = YES;
				CLANG_ANALYZER_NUMBER_OBJECT_CONVERSION = YES_AGGRESSIVE;
				CLANG_CXX_LANGUAGE_STANDARD = "gnu++20";
				CLANG_ENABLE_MODULES = YES;
				CLANG_ENABLE_OBJC_ARC = YES;
				CLANG_ENABLE_OBJC_WEAK = YES;
				CLANG_WARN_BLOCK_CAPTURE_AUTORELEASING = YES;
				CLANG_WARN_BOOL_CONVERSION = YES;
				CLANG_WARN_COMMA = YES;
				CLANG_WARN_CONSTANT_CONVERSION = YES;
				CLANG_WARN_DEPRECATED_OBJC_IMPLEMENTATIONS = YES;
				CLANG_WARN_DIRECT_OBJC_ISA_USAGE = YES_ERROR;
				CLANG_WARN_DOCUMENTATION_COMMENTS = YES;
				CLANG_WARN_EMPTY_BODY = YES;
				CLANG_WARN_ENUM_CONVERSION = YES;
				CLANG_WARN_INFINITE_RECURSION = YES;
				CLANG_WARN_INT_CONVERSION = YES;
				CLANG_WARN_NON_LITERAL_NULL_CONVERSION = YES;
				CLANG_WARN_OBJC_IMPLICIT_RETAIN_SELF = YES;
				CLANG_WARN_OBJC_LITERAL_CONVERSION = YES;
				CLANG_WARN_OBJC_ROOT_CLASS = YES_ERROR;
				CLANG_WARN_QUOTED_INCLUDE_IN_FRAMEWORK_HEADER = YES;
				CLANG_WARN_RANGE_LOOP_ANALYSIS = YES;
				CLANG_WARN_STRICT_PROTOTYPES = YES;
				CLANG_WARN_SUSPICIOUS_MOVE = YES;
				CLANG_WARN_UNGUARDED_AVAILABILITY = YES_AGGRESSIVE;
				CLANG_WARN_UNREACHABLE_CODE = YES;
				CLANG_WARN__DUPLICATE_METHOD_MATCH = YES;
				COPY_PHASE_STRIP = NO;
				DEBUG_INFORMATION_FORMAT = dwarf;
				ENABLE_STRICT_OBJC_MSGSEND = YES;
				ENABLE_TESTABILITY = YES;
				ENABLE_USER_SCRIPT_SANDBOXING = YES;
				GCC_C_LANGUAGE_STANDARD = gnu17;
				GCC_DYNAMIC_NO_PIC = NO;
				GCC_NO_COMMON_BLOCKS = YES;
				GCC_OPTIMIZATION_LEVEL = 0;
				GCC_PREPROCESSOR_DEFINITIONS = (
					"DEBUG=1",
					"$(inherited)",
				);
				GCC_WARN_64_TO_32_BIT_CONVERSION = YES;
				GCC_WARN_ABOUT_RETURN_TYPE = YES_ERROR;
				GCC_WARN_UNDECLARED_SELECTOR = YES;
				GCC_WARN_UNINITIALIZED_AUTOS = YES_AGGRESSIVE;
				GCC_WARN_UNUSED_FUNCTION = YES;
				GCC_WARN_UNUSED_VARIABLE = YES;
				IPHONEOS_DEPLOYMENT_TARGET = 18.2;
				LOCALIZATION_PREFERS_STRING_CATALOGS = YES;
				MTL_ENABLE_DEBUG_INFO = INCLUDE_SOURCE;
				MTL_FAST_MATH = YES;
				ONLY_ACTIVE_ARCH = YES;
				SDKROOT = iphoneos;
				SWIFT_ACTIVE_COMPILATION_CONDITIONS = "DEBUG $(inherited)";
				SWIFT_OPTIMIZATION_LEVEL = "-Onone";
			};
			name = Debug;
		};
		9BF0E1C72D21A42C002868A8 /* Release */ = {
			isa = XCBuildConfiguration;
			buildSettings = {
				ALWAYS_SEARCH_USER_PATHS = NO;
				ASSETCATALOG_COMPILER_GENERATE_SWIFT_ASSET_SYMBOL_EXTENSIONS = YES;
				CLANG_ANALYZER_NONNULL = YES;
				CLANG_ANALYZER_NUMBER_OBJECT_CONVERSION = YES_AGGRESSIVE;
				CLANG_CXX_LANGUAGE_STANDARD = "gnu++20";
				CLANG_ENABLE_MODULES = YES;
				CLANG_ENABLE_OBJC_ARC = YES;
				CLANG_ENABLE_OBJC_WEAK = YES;
				CLANG_WARN_BLOCK_CAPTURE_AUTORELEASING = YES;
				CLANG_WARN_BOOL_CONVERSION = YES;
				CLANG_WARN_COMMA = YES;
				CLANG_WARN_CONSTANT_CONVERSION = YES;
				CLANG_WARN_DEPRECATED_OBJC_IMPLEMENTATIONS = YES;
				CLANG_WARN_DIRECT_OBJC_ISA_USAGE = YES_ERROR;
				CLANG_WARN_DOCUMENTATION_COMMENTS = YES;
				CLANG_WARN_EMPTY_BODY = YES;
				CLANG_WARN_ENUM_CONVERSION = YES;
				CLANG_WARN_INFINITE_RECURSION = YES;
				CLANG_WARN_INT_CONVERSION = YES;
				CLANG_WARN_NON_LITERAL_NULL_CONVERSION = YES;
				CLANG_WARN_OBJC_IMPLICIT_RETAIN_SELF = YES;
				CLANG_WARN_OBJC_LITERAL_CONVERSION = YES;
				CLANG_WARN_OBJC_ROOT_CLASS = YES_ERROR;
				CLANG_WARN_QUOTED_INCLUDE_IN_FRAMEWORK_HEADER = YES;
				CLANG_WARN_RANGE_LOOP_ANALYSIS = YES;
				CLANG_WARN_STRICT_PROTOTYPES = YES;
				CLANG_WARN_SUSPICIOUS_MOVE = YES;
				CLANG_WARN_UNGUARDED_AVAILABILITY = YES_AGGRESSIVE;
				CLANG_WARN_UNREACHABLE_CODE = YES;
				CLANG_WARN__DUPLICATE_METHOD_MATCH = YES;
				COPY_PHASE_STRIP = NO;
				DEBUG_INFORMATION_FORMAT = "dwarf-with-dsym";
				ENABLE_NS_ASSERTIONS = NO;
				ENABLE_STRICT_OBJC_MSGSEND = YES;
				ENABLE_USER_SCRIPT_SANDBOXING = YES;
				GCC_C_LANGUAGE_STANDARD = gnu17;
				GCC_NO_COMMON_BLOCKS = YES;
				GCC_WARN_64_TO_32_BIT_CONVERSION = YES;
				GCC_WARN_ABOUT_RETURN_TYPE = YES_ERROR;
				GCC_WARN_UNDECLARED_SELECTOR = YES;
				GCC_WARN_UNINITIALIZED_AUTOS = YES_AGGRESSIVE;
				GCC_WARN_UNUSED_FUNCTION = YES;
				GCC_WARN_UNUSED_VARIABLE = YES;
				IPHONEOS_DEPLOYMENT_TARGET = 18.2;
				LOCALIZATION_PREFERS_STRING_CATALOGS = YES;
				MTL_ENABLE_DEBUG_INFO = NO;
				MTL_FAST_MATH = YES;
				SDKROOT = iphoneos;
				SWIFT_COMPILATION_MODE = wholemodule;
				VALIDATE_PRODUCT = YES;
			};
			name = Release;
		};
		9BF0E1C92D21A42C002868A8 /* Debug */ = {
			isa = XCBuildConfiguration;
			buildSettings = {
				ASSETCATALOG_COMPILER_APPICON_NAME = AppIcon;
				ASSETCATALOG_COMPILER_GLOBAL_ACCENT_COLOR_NAME = AccentColor;
				CODE_SIGN_STYLE = Automatic;
				CURRENT_PROJECT_VERSION = 1;
				DEVELOPMENT_ASSET_PATHS = "\"CS193p-SwiftUI-Samples/Preview Content\"";
				DEVELOPMENT_TEAM = 8UNBR6Z54R;
				ENABLE_PREVIEWS = YES;
				GENERATE_INFOPLIST_FILE = YES;
				INFOPLIST_KEY_UIApplicationSceneManifest_Generation = YES;
				INFOPLIST_KEY_UIApplicationSupportsIndirectInputEvents = YES;
				INFOPLIST_KEY_UILaunchScreen_Generation = YES;
				INFOPLIST_KEY_UISupportedInterfaceOrientations_iPad = "UIInterfaceOrientationPortrait UIInterfaceOrientationPortraitUpsideDown UIInterfaceOrientationLandscapeLeft UIInterfaceOrientationLandscapeRight";
				INFOPLIST_KEY_UISupportedInterfaceOrientations_iPhone = "UIInterfaceOrientationPortrait UIInterfaceOrientationLandscapeLeft UIInterfaceOrientationLandscapeRight";
				IPHONEOS_DEPLOYMENT_TARGET = 18.0;
				LD_RUNPATH_SEARCH_PATHS = (
					"$(inherited)",
					"@executable_path/Frameworks",
				);
				MARKETING_VERSION = 1.0;
				PRODUCT_BUNDLE_IDENTIFIER = "com.naren.swiftData.sample.CS193p-SwiftUI-Samples";
				PRODUCT_NAME = "$(TARGET_NAME)";
				SWIFT_EMIT_LOC_STRINGS = YES;
				SWIFT_VERSION = 5.0;
				TARGETED_DEVICE_FAMILY = "1,2";
			};
			name = Debug;
		};
		9BF0E1CA2D21A42C002868A8 /* Release */ = {
			isa = XCBuildConfiguration;
			buildSettings = {
				ASSETCATALOG_COMPILER_APPICON_NAME = AppIcon;
				ASSETCATALOG_COMPILER_GLOBAL_ACCENT_COLOR_NAME = AccentColor;
				CODE_SIGN_STYLE = Automatic;
				CURRENT_PROJECT_VERSION = 1;
				DEVELOPMENT_ASSET_PATHS = "\"CS193p-SwiftUI-Samples/Preview Content\"";
				DEVELOPMENT_TEAM = 8UNBR6Z54R;
				ENABLE_PREVIEWS = YES;
				GENERATE_INFOPLIST_FILE = YES;
				INFOPLIST_KEY_UIApplicationSceneManifest_Generation = YES;
				INFOPLIST_KEY_UIApplicationSupportsIndirectInputEvents = YES;
				INFOPLIST_KEY_UILaunchScreen_Generation = YES;
				INFOPLIST_KEY_UISupportedInterfaceOrientations_iPad = "UIInterfaceOrientationPortrait UIInterfaceOrientationPortraitUpsideDown UIInterfaceOrientationLandscapeLeft UIInterfaceOrientationLandscapeRight";
				INFOPLIST_KEY_UISupportedInterfaceOrientations_iPhone = "UIInterfaceOrientationPortrait UIInterfaceOrientationLandscapeLeft UIInterfaceOrientationLandscapeRight";
				IPHONEOS_DEPLOYMENT_TARGET = 18.0;
				LD_RUNPATH_SEARCH_PATHS = (
					"$(inherited)",
					"@executable_path/Frameworks",
				);
				MARKETING_VERSION = 1.0;
				PRODUCT_BUNDLE_IDENTIFIER = "com.naren.swiftData.sample.CS193p-SwiftUI-Samples";
				PRODUCT_NAME = "$(TARGET_NAME)";
				SWIFT_EMIT_LOC_STRINGS = YES;
				SWIFT_VERSION = 5.0;
				TARGETED_DEVICE_FAMILY = "1,2";
			};
			name = Release;
		};
		9BF0E1CC2D21A42C002868A8 /* Debug */ = {
			isa = XCBuildConfiguration;
			buildSettings = {
				BUNDLE_LOADER = "$(TEST_HOST)";
				CODE_SIGN_STYLE = Automatic;
				CURRENT_PROJECT_VERSION = 1;
				DEVELOPMENT_TEAM = 8UNBR6Z54R;
				GENERATE_INFOPLIST_FILE = YES;
				IPHONEOS_DEPLOYMENT_TARGET = 18.2;
				MARKETING_VERSION = 1.0;
				PRODUCT_BUNDLE_IDENTIFIER = "com.naren.swiftData.sample.CS193p-SwiftUI-SamplesTests";
				PRODUCT_NAME = "$(TARGET_NAME)";
				SWIFT_EMIT_LOC_STRINGS = NO;
				SWIFT_VERSION = 5.0;
				TARGETED_DEVICE_FAMILY = "1,2";
				TEST_HOST = "$(BUILT_PRODUCTS_DIR)/CS193p-SwiftUI-Samples.app/$(BUNDLE_EXECUTABLE_FOLDER_PATH)/CS193p-SwiftUI-Samples";
			};
			name = Debug;
		};
		9BF0E1CD2D21A42C002868A8 /* Release */ = {
			isa = XCBuildConfiguration;
			buildSettings = {
				BUNDLE_LOADER = "$(TEST_HOST)";
				CODE_SIGN_STYLE = Automatic;
				CURRENT_PROJECT_VERSION = 1;
				DEVELOPMENT_TEAM = 8UNBR6Z54R;
				GENERATE_INFOPLIST_FILE = YES;
				IPHONEOS_DEPLOYMENT_TARGET = 18.2;
				MARKETING_VERSION = 1.0;
				PRODUCT_BUNDLE_IDENTIFIER = "com.naren.swiftData.sample.CS193p-SwiftUI-SamplesTests";
				PRODUCT_NAME = "$(TARGET_NAME)";
				SWIFT_EMIT_LOC_STRINGS = NO;
				SWIFT_VERSION = 5.0;
				TARGETED_DEVICE_FAMILY = "1,2";
				TEST_HOST = "$(BUILT_PRODUCTS_DIR)/CS193p-SwiftUI-Samples.app/$(BUNDLE_EXECUTABLE_FOLDER_PATH)/CS193p-SwiftUI-Samples";
			};
			name = Release;
		};
		9BF0E1CF2D21A42C002868A8 /* Debug */ = {
			isa = XCBuildConfiguration;
			buildSettings = {
				CODE_SIGN_STYLE = Automatic;
				CURRENT_PROJECT_VERSION = 1;
				DEVELOPMENT_TEAM = 8UNBR6Z54R;
				GENERATE_INFOPLIST_FILE = YES;
				MARKETING_VERSION = 1.0;
				PRODUCT_BUNDLE_IDENTIFIER = "com.naren.swiftData.sample.CS193p-SwiftUI-SamplesUITests";
				PRODUCT_NAME = "$(TARGET_NAME)";
				SWIFT_EMIT_LOC_STRINGS = NO;
				SWIFT_VERSION = 5.0;
				TARGETED_DEVICE_FAMILY = "1,2";
				TEST_TARGET_NAME = "CS193p-SwiftUI-Samples";
			};
			name = Debug;
		};
		9BF0E1D02D21A42C002868A8 /* Release */ = {
			isa = XCBuildConfiguration;
			buildSettings = {
				CODE_SIGN_STYLE = Automatic;
				CURRENT_PROJECT_VERSION = 1;
				DEVELOPMENT_TEAM = 8UNBR6Z54R;
				GENERATE_INFOPLIST_FILE = YES;
				MARKETING_VERSION = 1.0;
				PRODUCT_BUNDLE_IDENTIFIER = "com.naren.swiftData.sample.CS193p-SwiftUI-SamplesUITests";
				PRODUCT_NAME = "$(TARGET_NAME)";
				SWIFT_EMIT_LOC_STRINGS = NO;
				SWIFT_VERSION = 5.0;
				TARGETED_DEVICE_FAMILY = "1,2";
				TEST_TARGET_NAME = "CS193p-SwiftUI-Samples";
			};
			name = Release;
		};
/* End XCBuildConfiguration section */

/* Begin XCConfigurationList section */
		9BF0E19F2D21A429002868A8 /* Build configuration list for PBXProject "CS193p-SwiftUI-Samples" */ = {
			isa = XCConfigurationList;
			buildConfigurations = (
				9BF0E1C62D21A42C002868A8 /* Debug */,
				9BF0E1C72D21A42C002868A8 /* Release */,
			);
			defaultConfigurationIsVisible = 0;
			defaultConfigurationName = Release;
		};
		9BF0E1C82D21A42C002868A8 /* Build configuration list for PBXNativeTarget "CS193p-SwiftUI-Samples" */ = {
			isa = XCConfigurationList;
			buildConfigurations = (
				9BF0E1C92D21A42C002868A8 /* Debug */,
				9BF0E1CA2D21A42C002868A8 /* Release */,
			);
			defaultConfigurationIsVisible = 0;
			defaultConfigurationName = Release;
		};
		9BF0E1CB2D21A42C002868A8 /* Build configuration list for PBXNativeTarget "CS193p-SwiftUI-SamplesTests" */ = {
			isa = XCConfigurationList;
			buildConfigurations = (
				9BF0E1CC2D21A42C002868A8 /* Debug */,
				9BF0E1CD2D21A42C002868A8 /* Release */,
			);
			defaultConfigurationIsVisible = 0;
			defaultConfigurationName = Release;
		};
		9BF0E1CE2D21A42C002868A8 /* Build configuration list for PBXNativeTarget "CS193p-SwiftUI-SamplesUITests" */ = {
			isa = XCConfigurationList;
			buildConfigurations = (
				9BF0E1CF2D21A42C002868A8 /* Debug */,
				9BF0E1D02D21A42C002868A8 /* Release */,
			);
			defaultConfigurationIsVisible = 0;
			defaultConfigurationName = Release;
		};
/* End XCConfigurationList section */
	};
	rootObject = 9BF0E19C2D21A429002868A8 /* Project object */;
}
